
Microsoft Visual Studio Solution File, Format Version 12.00
# Visual Studio Version 16
VisualStudioVersion = 16.0.29306.81
MinimumVisualStudioVersion = 10.0.40219.1
Project("{FAE04EC0-301F-11D3-BF4B-00C04F79EFBC}") = "23_Region", "23_Region.csproj", "{31940A4E-9FF4-437A-BB35-EA2404EF6638}"
EndProject
Global
	GlobalSection(SolutionConfigurationPlatforms) = preSolution
		Debug|Any CPU = Debug|Any CPU
		Release|Any CPU = Release|Any CPU
	EndGlobalSection
	GlobalSection(ProjectConfigurationPlatforms) = postSolution
		{31940A4E-9FF4-437A-BB35-EA2404EF6638}.Debug|Any CPU.ActiveCfg = Debug|Any CPU
		{31940A4E-9FF4-437A-BB35-EA2404EF6638}.Debug|Any CPU.Build.0 = Debug|Any CPU
		{31940A4E-9FF4-437A-BB35-EA2404EF6638}.Release|Any CPU.ActiveCfg = Release|Any CPU
		{31940A4E-9FF4-437A-BB35-EA2404EF6638}.Release|Any CPU.Build.0 = Release|Any CPU
	EndGlobalSection
	GlobalSection(SolutionProperties) = preSolution
		HideSolutionNode = FALSE
	EndGlobalSection
	GlobalSection(ExtensibilityGlobals) = postSolution
		SolutionGuid = {DB5DBB16-D573-4A7D-92C3-5086B0B95F93}
	EndGlobalSection
EndGlobal
