
Microsoft Visual Studio Solution File, Format Version 12.00
# Visual Studio Version 16
VisualStudioVersion = 16.0.29306.81
MinimumVisualStudioVersion = 10.0.40219.1
Project("{FAE04EC0-301F-11D3-BF4B-00C04F79EFBC}") = "19_Inh_Dyna_Poly", "19_Inh_Dyna_Poly.csproj", "{1AAA3C2B-DD44-4916-97FE-5BB454FD2FEA}"
EndProject
Global
	GlobalSection(SolutionConfigurationPlatforms) = preSolution
		Debug|Any CPU = Debug|Any CPU
		Release|Any CPU = Release|Any CPU
	EndGlobalSection
	GlobalSection(ProjectConfigurationPlatforms) = postSolution
		{1AAA3C2B-DD44-4916-97FE-5BB454FD2FEA}.Debug|Any CPU.ActiveCfg = Debug|Any CPU
		{1AAA3C2B-DD44-4916-97FE-5BB454FD2FEA}.Debug|Any CPU.Build.0 = Debug|Any CPU
		{1AAA3C2B-DD44-4916-97FE-5BB454FD2FEA}.Release|Any CPU.ActiveCfg = Release|Any CPU
		{1AAA3C2B-DD44-4916-97FE-5BB454FD2FEA}.Release|Any CPU.Build.0 = Release|Any CPU
	EndGlobalSection
	GlobalSection(SolutionProperties) = preSolution
		HideSolutionNode = FALSE
	EndGlobalSection
	GlobalSection(ExtensibilityGlobals) = postSolution
		SolutionGuid = {888DF35C-FD9C-470A-8D5C-58FB9DBEFC24}
	EndGlobalSection
EndGlobal
