
Microsoft Visual Studio Solution File, Format Version 12.00
# Visual Studio Version 16
VisualStudioVersion = 16.0.29306.81
MinimumVisualStudioVersion = 10.0.40219.1
Project("{FAE04EC0-301F-11D3-BF4B-00C04F79EFBC}") = "03_Win_Test", "03_Win_Test.csproj", "{10A78AE0-951A-43D7-A8C5-C918623A071E}"
EndProject
Global
	GlobalSection(SolutionConfigurationPlatforms) = preSolution
		Debug|Any CPU = Debug|Any CPU
		Release|Any CPU = Release|Any CPU
	EndGlobalSection
	GlobalSection(ProjectConfigurationPlatforms) = postSolution
		{10A78AE0-951A-43D7-A8C5-C918623A071E}.Debug|Any CPU.ActiveCfg = Debug|Any CPU
		{10A78AE0-951A-43D7-A8C5-C918623A071E}.Debug|Any CPU.Build.0 = Debug|Any CPU
		{10A78AE0-951A-43D7-A8C5-C918623A071E}.Release|Any CPU.ActiveCfg = Release|Any CPU
		{10A78AE0-951A-43D7-A8C5-C918623A071E}.Release|Any CPU.Build.0 = Release|Any CPU
	EndGlobalSection
	GlobalSection(SolutionProperties) = preSolution
		HideSolutionNode = FALSE
	EndGlobalSection
	GlobalSection(ExtensibilityGlobals) = postSolution
		SolutionGuid = {6339F103-230B-41B5-AFDE-5B1984361DA3}
	EndGlobalSection
EndGlobal
