
Microsoft Visual Studio Solution File, Format Version 12.00
# Visual Studio Version 16
VisualStudioVersion = 16.0.29306.81
MinimumVisualStudioVersion = 10.0.40219.1
Project("{FAE04EC0-301F-11D3-BF4B-00C04F79EFBC}") = "08_Circle_window", "08_Circle_window.csproj", "{F36177AD-C2EA-4BE5-AC72-03C823B7D973}"
EndProject
Global
	GlobalSection(SolutionConfigurationPlatforms) = preSolution
		Debug|Any CPU = Debug|Any CPU
		Release|Any CPU = Release|Any CPU
	EndGlobalSection
	GlobalSection(ProjectConfigurationPlatforms) = postSolution
		{F36177AD-C2EA-4BE5-AC72-03C823B7D973}.Debug|Any CPU.ActiveCfg = Debug|Any CPU
		{F36177AD-C2EA-4BE5-AC72-03C823B7D973}.Debug|Any CPU.Build.0 = Debug|Any CPU
		{F36177AD-C2EA-4BE5-AC72-03C823B7D973}.Release|Any CPU.ActiveCfg = Release|Any CPU
		{F36177AD-C2EA-4BE5-AC72-03C823B7D973}.Release|Any CPU.Build.0 = Release|Any CPU
	EndGlobalSection
	GlobalSection(SolutionProperties) = preSolution
		HideSolutionNode = FALSE
	EndGlobalSection
	GlobalSection(ExtensibilityGlobals) = postSolution
		SolutionGuid = {42A07AB5-8B87-40E7-B3B6-B1295AB5770C}
	EndGlobalSection
EndGlobal
